Microsoft Visual Studio Solution File, Format Version 8.00
Project("{F184B08F-C81C-45F6-A57F-5ABD9991F28F}") = "Assignment 2", "Assignment 2.vbproj", "{7A826076-DB74-47A2-A304-9D141903928F}"
	ProjectSection(ProjectDependencies) = postProject
	EndProjectSection
EndProject
Global
	GlobalSection(SolutionConfiguration) = preSolution
		Debug = Debug
		Release = Release
	EndGlobalSection
	GlobalSection(ProjectConfiguration) = postSolution
		{7A826076-DB74-47A2-A304-9D141903928F}.Debug.ActiveCfg = Debug|.NET
		{7A826076-DB74-47A2-A304-9D141903928F}.Debug.Build.0 = Debug|.NET
		{7A826076-DB74-47A2-A304-9D141903928F}.Release.ActiveCfg = Release|.NET
		{7A826076-DB74-47A2-A304-9D141903928F}.Release.Build.0 = Release|.NET
	EndGlobalSection
	GlobalSection(ExtensibilityGlobals) = postSolution
	EndGlobalSection
	GlobalSection(ExtensibilityAddIns) = postSolution
	EndGlobalSection
EndGlobal
